
Microsoft Visual Studio Solution File, Format Version 12.00
# Visual Studio Version 17
VisualStudioVersion = 17.1.32407.343
MinimumVisualStudioVersion = 10.0.40219.1
Project("{FAE04EC0-301F-11D3-BF4B-00C04F79EFBC}") = "PowerfulConsoleApp", "PowerfulConsoleApp.csproj", "{0F534C2C-A42D-4E2A-81CC-76E98650F92A}"
EndProject
Global
	GlobalSection(SolutionConfigurationPlatforms) = preSolution
		Debug|Any CPU = Debug|Any CPU
		Release|Any CPU = Release|Any CPU
	EndGlobalSection
	GlobalSection(ProjectConfigurationPlatforms) = postSolution
		{0F534C2C-A42D-4E2A-81CC-76E98650F92A}.Debug|Any CPU.ActiveCfg = Debug|Any CPU
		{0F534C2C-A42D-4E2A-81CC-76E98650F92A}.Debug|Any CPU.Build.0 = Debug|Any CPU
		{0F534C2C-A42D-4E2A-81CC-76E98650F92A}.Release|Any CPU.ActiveCfg = Release|Any CPU
		{0F534C2C-A42D-4E2A-81CC-76E98650F92A}.Release|Any CPU.Build.0 = Release|Any CPU
	EndGlobalSection
	GlobalSection(SolutionProperties) = preSolution
		HideSolutionNode = FALSE
	EndGlobalSection
	GlobalSection(ExtensibilityGlobals) = postSolution
		SolutionGuid = {97BD46FA-B3C4-4F5B-9EB6-07AF823B22DF}
	EndGlobalSection
EndGlobal
